
Microsoft Visual Studio Solution File, Format Version 12.00
# Visual Studio Version 17
VisualStudioVersion = 17.3.32929.385
MinimumVisualStudioVersion = 10.0.40219.1
Project("{FAE04EC0-301F-11D3-BF4B-00C04F79EFBC}") = "1.C SHARP", "1.C SHARP\1.C SHARP.csproj", "{D3A5304B-DC1B-492E-91EC-6A05B17A42FF}"
EndProject
Global
	GlobalSection(SolutionConfigurationPlatforms) = preSolution
		Debug|Any CPU = Debug|Any CPU
		Release|Any CPU = Release|Any CPU
	EndGlobalSection
	GlobalSection(ProjectConfigurationPlatforms) = postSolution
		{D3A5304B-DC1B-492E-91EC-6A05B17A42FF}.Debug|Any CPU.ActiveCfg = Debug|Any CPU
		{D3A5304B-DC1B-492E-91EC-6A05B17A42FF}.Debug|Any CPU.Build.0 = Debug|Any CPU
		{D3A5304B-DC1B-492E-91EC-6A05B17A42FF}.Release|Any CPU.ActiveCfg = Release|Any CPU
		{D3A5304B-DC1B-492E-91EC-6A05B17A42FF}.Release|Any CPU.Build.0 = Release|Any CPU
	EndGlobalSection
	GlobalSection(SolutionProperties) = preSolution
		HideSolutionNode = FALSE
	EndGlobalSection
	GlobalSection(ExtensibilityGlobals) = postSolution
		SolutionGuid = {02093092-A57D-4CF2-902D-18DA868EAE87}
	EndGlobalSection
EndGlobal
